
Microsoft Visual Studio Solution File, Format Version 12.00
# Visual Studio Version 16
VisualStudioVersion = 16.0.31321.278
MinimumVisualStudioVersion = 10.0.40219.1
Project("{FAE04EC0-301F-11D3-BF4B-00C04F79EFBC}") = "GitAppCLI", "GitAppCLI\GitAppCLI.csproj", "{28B12FE1-601A-4575-BCC6-EB7F0C463FB2}"
EndProject
Global
	GlobalSection(SolutionConfigurationPlatforms) = preSolution
		Debug|Any CPU = Debug|Any CPU
		Release|Any CPU = Release|Any CPU
	EndGlobalSection
	GlobalSection(ProjectConfigurationPlatforms) = postSolution
		{28B12FE1-601A-4575-BCC6-EB7F0C463FB2}.Debug|Any CPU.ActiveCfg = Debug|Any CPU
		{28B12FE1-601A-4575-BCC6-EB7F0C463FB2}.Debug|Any CPU.Build.0 = Debug|Any CPU
		{28B12FE1-601A-4575-BCC6-EB7F0C463FB2}.Release|Any CPU.ActiveCfg = Release|Any CPU
		{28B12FE1-601A-4575-BCC6-EB7F0C463FB2}.Release|Any CPU.Build.0 = Release|Any CPU
	EndGlobalSection
	GlobalSection(SolutionProperties) = preSolution
		HideSolutionNode = FALSE
	EndGlobalSection
	GlobalSection(ExtensibilityGlobals) = postSolution
		SolutionGuid = {1A0575F5-2F00-4496-A5F0-ED9EE38C88AE}
	EndGlobalSection
EndGlobal
